{
  "name": "dtc_symfony",
  "lockfileVersion": 3,
  "requires": true,
  "packages": {
    "vendor/symfony/ux-react/assets": {
      "name": "@symfony/ux-react",
      "version": "1.0.0",
      "extraneous": true,
      "license": "MIT",
      "devDependencies": {
        "@hotwired/stimulus": "^3.0.0",
        "@types/react": "^18.0",
        "@types/react-dom": "^18.0",
        "@types/webpack-env": "^1.16",
        "react": "^18.0",
        "react-dom": "^18.0"
      },
      "peerDependencies": {
        "@hotwired/stimulus": "^3.0.0",
        "react": "^18.0",
        "react-dom": "^18.0"
      }
    }
  }
}
